PODS:
  - ADMozaicCollectionViewLayout (2.1.0)
  - Alamofire (4.4.0)
  - Bolts (1.8.4):
    - Bolts/AppLinks (= 1.8.4)
    - Bolts/Tasks (= 1.8.4)
  - Bolts/AppLinks (1.8.4):
    - Bolts/Tasks
  - Bolts/Tasks (1.8.4)
  - Branch (0.15.3):
    - Branch/Core (= 0.15.3)
    - Branch/without-IDFA (= 0.15.3)
  - Branch/Core (0.15.3)
  - Branch/without-IDFA (0.15.3)
  - BubblePictures (0.1.20):
    - SDWebImage (~> 3.8)
  - Bugsee (1.13.0)
  - Bugsnag (5.10.0):
    - KSCrash/RecordingAdvanced (= 1.8.13)
  - CVCalendar (1.4.1)
  - Fabric (1.6.11)
  - FBSDKCoreKit (4.23.0):
    - Bolts (~> 1.7)
  - FBSDKLoginKit (4.23.0):
    - FBSDKCoreKit
  - FBSDKShareKit (4.23.0):
    - FBSDKCoreKit
  - Firebase/Auth (4.0.1):
    - Firebase/Core
    - FirebaseAuth (= 4.0.0)
  - Firebase/Core (4.0.1):
    - FirebaseAnalytics (= 4.0.0)
    - FirebaseCore (= 4.0.1)
  - Firebase/Crash (4.0.1):
    - Firebase/Core
    - FirebaseCrash (= 2.0.0)
  - Firebase/Database (4.0.1):
    - Firebase/Core
    - FirebaseDatabase (= 4.0.0)
  - Firebase/DynamicLinks (4.0.1):
    - Firebase/Core
    - FirebaseDynamicLinks (= 2.0.0)
  - Firebase/Storage (4.0.1):
    - Firebase/Core
    - FirebaseStorage (= 2.0.0)
  - FirebaseAnalytics (4.0.0):
    - FirebaseCore (~> 4.0)
    - FirebaseInstanceID (~> 2.0)
    - GoogleToolboxForMac/NSData+zlib (~> 2.1)
  - FirebaseAuth (4.0.0):
    - FirebaseAnalytics (~> 4.0)
    - GoogleToolboxForMac/NSDictionary+URLArguments (~> 2.1)
    - GTMSessionFetcher/Core (~> 1.1)
  - FirebaseCore (4.0.1):
    - GoogleToolboxForMac/NSData+zlib (~> 2.1)
  - FirebaseCrash (2.0.0):
    - FirebaseAnalytics (~> 4.0)
    - FirebaseInstanceID (~> 2.0)
    - GoogleToolboxForMac/Logger (~> 2.1)
    - GoogleToolboxForMac/NSData+zlib (~> 2.1)
    - Protobuf (~> 3.1)
  - FirebaseDatabase (4.0.0):
    - FirebaseAnalytics (~> 4.0)
  - FirebaseDynamicLinks (2.0.0):
    - FirebaseAnalytics (~> 4.0)
  - FirebaseInstanceID (2.0.0):
    - FirebaseCore (~> 4.0)
  - FirebaseStorage (2.0.0):
    - FirebaseAnalytics (~> 4.0)
    - FirebaseCore (~> 4.0)
    - GTMSessionFetcher/Core (~> 1.1)
  - Font-Awesome-Swift (1.6.2)
  - Fusuma (1.0.3)
  - GMStepper (2.0.0)
  - GoogleToolboxForMac/DebugUtils (2.1.1):
    - GoogleToolboxForMac/Defines (= 2.1.1)
  - GoogleToolboxForMac/Defines (2.1.1)
  - GoogleToolboxForMac/Logger (2.1.1):
    - GoogleToolboxForMac/Defines (= 2.1.1)
  - GoogleToolboxForMac/NSData+zlib (2.1.1):
    - GoogleToolboxForMac/Defines (= 2.1.1)
  - GoogleToolboxForMac/NSDictionary+URLArguments (2.1.1):
    - GoogleToolboxForMac/DebugUtils (= 2.1.1)
    - GoogleToolboxForMac/Defines (= 2.1.1)
    - GoogleToolboxForMac/NSString+URLArguments (= 2.1.1)
  - GoogleToolboxForMac/NSString+URLArguments (2.1.1)
  - GTMSessionFetcher/Core (1.1.10)
  - JSQMessagesViewController (7.3.4):
    - JSQSystemSoundPlayer (~> 2.0.1)
  - JSQSystemSoundPlayer (2.0.1)
  - KSCrash/Recording (1.8.13)
  - KSCrash/RecordingAdvanced (1.8.13):
    - KSCrash/Recording
  - LUNSegmentedControl (1.0.7)
  - OneSignal (2.5.4)
  - Protobuf (3.3.0)
  - SDWebImage (3.8.2):
    - SDWebImage/Core (= 3.8.2)
  - SDWebImage/Core (3.8.2)
  - SJSegmentedScrollView (1.3.6)
  - StringExtensionHTML (0.2.0)
  - SVProgressHUD (2.1.2)
  - SwiftDate (4.1.2)
  - SwiftGifOrigin (1.6.1)
  - SwiftRandom (1.0.0)
  - SWMessages (0.3.0)
  - SWSegmentedControl (2.1.0)
  - TwitterCore (3.0.0)
  - TwitterKit (3.0.3):
    - TwitterCore (>= 3.0.0)

DEPENDENCIES:
  - ADMozaicCollectionViewLayout (~> 2.0)
  - Alamofire (~> 4.0)
  - Branch
  - BubblePictures
  - Bugsee
  - Bugsnag
  - CVCalendar (~> 1.4.1)
  - Fabric
  - FBSDKCoreKit
  - FBSDKLoginKit
  - FBSDKShareKit
  - Firebase/Auth
  - Firebase/Core
  - Firebase/Crash
  - Firebase/Database
  - Firebase/DynamicLinks
  - Firebase/Storage
  - Font-Awesome-Swift (~> 1.6.1)
  - Fusuma
  - GMStepper
  - JSQMessagesViewController
  - LUNSegmentedControl
  - OneSignal (< 3.0, >= 2.5.2)
  - SDWebImage (~> 3.8)
  - SJSegmentedScrollView
  - StringExtensionHTML
  - SVProgressHUD
  - SwiftDate (~> 4.0)
  - SwiftGifOrigin
  - SwiftRandom
  - SWMessages (~> 0.3.0)
  - SWSegmentedControl
  - TwitterKit

SPEC CHECKSUMS:
  ADMozaicCollectionViewLayout: b81be75b99b091fbbff46a013b061f4914fcb175
  Alamofire: dc44b1600b800eb63da6a19039a0083d62a6a62d
  Bolts: 8a7995239dbe724f9cba2248b766d48b7ebdd322
  Branch: d3620efcb86e8eeedfaf520e4f68a2ed4c6c9eb3
  BubblePictures: 753fac3e25e548a070442efa64f923fa58e280b6
  Bugsee: 998f365e3d0334e473d9c2f87375ec4bddf507b4
  Bugsnag: c098d7fc7997b5fdd02dded682e9b2faa0a94a0d
  CVCalendar: 61912eb5dc39c3bcfe22a731147a559a696fbc15
  Fabric: 5911403591946b8228ab1c51d98f1d7137e863c6
  FBSDKCoreKit: d7829f5a69901cd7296105328e4c3c3fc7da6518
  FBSDKLoginKit: 6b92bd65f319d669d2b0730e49db495ef1660566
  FBSDKShareKit: 65751c3b9937ab9d594e6c37611ecc115ceeb448
  Firebase: f984cd44a160be77ad0590f432e574562bfd4083
  FirebaseAnalytics: 6f08e746f7d66f5452931bc2e822b5df9c66b64a
  FirebaseAuth: ebb6abcbabae00fc47446d690c19ce68d8484fde
  FirebaseCore: 06172c5a0744ab3dd14f778fd666c22855e20098
  FirebaseCrash: 600ec2cbd8e10c3064a42de2c6ee7687bd02a076
  FirebaseDatabase: d829b3a8c3e2ac7a16773c5df226966b0805dfc2
  FirebaseDynamicLinks: ad3bef2e8addfa1490af9db02201429c5c9447dd
  FirebaseInstanceID: 9fbf536668f4d3f0880e7438456dabd1376e294b
  FirebaseStorage: 8110a1ed2034c8fbfd83890d2acc9cdbbd99afec
  Font-Awesome-Swift: 4dc96df73b5f32aaccdee50a454c3ec253ee4977
  Fusuma: 60ed1dd51a3b3610960219df9862c83f03304ce1
  GMStepper: 6aff0c881afac2f432e5c9b0df71e44e14110a06
  GoogleToolboxForMac: 8e329f1b599f2512c6b10676d45736bcc2cbbeb0
  GTMSessionFetcher: 30d874b96d0d76028f61fbd122801e3f030d47db
  JSQMessagesViewController: 39fed975e3c9f8eba7292071e29eeb541d105e66
  JSQSystemSoundPlayer: c5850e77a4363ffd374cd851154b9af93264ed8d
  KSCrash: 4c3a83f133b60f4bd57e05235ebf8d46e36d378d
  LUNSegmentedControl: f868b1ea740f9917f05dbcb4cded85c33ec606e6
  OneSignal: da994bcf6a2efbdceaf71e389e1d05245c562899
  Protobuf: d582fecf68201eac3d79ed61369ef45734394b9c
  SDWebImage: 098e97e6176540799c27e804c96653ee0833d13c
  SJSegmentedScrollView: 13eb38fc0a28cc46a3ccc52b4e246df0e2227077
  StringExtensionHTML: 80fdb1b3a83669e371d27bfe2f208f067e2db328
  SVProgressHUD: c404a55d78acbeb7ebb78b76d3faf986475a6994
  SwiftDate: 2dfdebd4f67ae71c9c3e2413ee3c56947f302858
  SwiftGifOrigin: d6679d3ebe9df2e049a84bc52582635107b581f6
  SwiftRandom: 437275c63500ddf5a565cbd56996fb23f12cfc3d
  SWMessages: 39dc4ffdde42004b2ee5af14077fc73668498350
  SWSegmentedControl: 883cb2ad0bf5b20f898c81a14bca34320b44c061
  TwitterCore: 8ce250be1eb34633a0e6acc89520d4165ec52c10
  TwitterKit: 202404be71aadd81d19f677b34579fe77d9cb67e

PODFILE CHECKSUM: 31f090ded220e77bf1e7cd3da1dc12f2aee486aa

COCOAPODS: 1.2.0
