PODS:
  - ADMozaicCollectionViewLayout (2.1.0)
  - Alamofire (4.2.0)
  - Bolts (1.8.4):
    - Bolts/AppLinks (= 1.8.4)
    - Bolts/Tasks (= 1.8.4)
  - Bolts/AppLinks (1.8.4):
    - Bolts/Tasks
  - Bolts/Tasks (1.8.4)
  - CVCalendar (1.4.1)
  - FBSDKCoreKit (4.17.0):
    - Bolts (~> 1.7)
  - FBSDKLoginKit (4.17.0):
    - FBSDKCoreKit
  - FBSDKShareKit (4.17.0):
    - FBSDKCoreKit
  - Firebase/Auth (3.9.0):
    - Firebase/Core
    - FirebaseAuth (= 3.0.6)
  - Firebase/Core (3.9.0):
    - FirebaseAnalytics (= 3.5.1)
    - FirebaseCore (= 3.4.4)
  - Firebase/Database (3.9.0):
    - Firebase/Core
    - FirebaseDatabase (= 3.1.0)
  - Firebase/DynamicLinks (3.9.0):
    - Firebase/Core
    - FirebaseDynamicLinks (= 1.3.1)
  - Firebase/Storage (3.9.0):
    - Firebase/Core
    - FirebaseStorage (= 1.0.4)
  - FirebaseAnalytics (3.5.1):
    - FirebaseCore (~> 3.4)
    - FirebaseInstanceID (~> 1.0)
    - GoogleInterchangeUtilities (~> 1.2)
    - GoogleSymbolUtilities (~> 1.1)
    - GoogleToolboxForMac/NSData+zlib (~> 2.1)
  - FirebaseAuth (3.0.6):
    - FirebaseAnalytics (~> 3.4)
    - GoogleToolboxForMac/NSDictionary+URLArguments (~> 2.1)
    - GTMSessionFetcher/Core (~> 1.1)
  - FirebaseCore (3.4.4):
    - GoogleInterchangeUtilities (~> 1.2)
    - GoogleToolboxForMac/NSData+zlib (~> 2.1)
  - FirebaseDatabase (3.1.0):
    - FirebaseAnalytics (~> 3.4)
  - FirebaseDynamicLinks (1.3.1):
    - FirebaseAnalytics (~> 3.4)
  - FirebaseInstanceID (1.0.8)
  - FirebaseStorage (1.0.4):
    - FirebaseAnalytics (~> 3.4)
    - GTMSessionFetcher/Core (~> 1.1)
  - Fusuma (1.0.0)
  - GMStepper (2.0.0)
  - GoogleInterchangeUtilities (1.2.2):
    - GoogleSymbolUtilities (~> 1.1)
  - GoogleSymbolUtilities (1.1.2)
  - GoogleToolboxForMac/DebugUtils (2.1.0):
    - GoogleToolboxForMac/Defines (= 2.1.0)
  - GoogleToolboxForMac/Defines (2.1.0)
  - GoogleToolboxForMac/NSData+zlib (2.1.0):
    - GoogleToolboxForMac/Defines (= 2.1.0)
  - GoogleToolboxForMac/NSDictionary+URLArguments (2.1.0):
    - GoogleToolboxForMac/DebugUtils (= 2.1.0)
    - GoogleToolboxForMac/Defines (= 2.1.0)
    - GoogleToolboxForMac/NSString+URLArguments (= 2.1.0)
  - GoogleToolboxForMac/NSString+URLArguments (2.1.0)
  - GTMSessionFetcher/Core (1.1.7)
  - JSQMessagesViewController (7.3.4):
    - JSQSystemSoundPlayer (~> 2.0.1)
  - JSQSystemSoundPlayer (2.0.1)
  - LUNSegmentedControl (1.0.7)
  - SDWebImage (3.8.2):
    - SDWebImage/Core (= 3.8.2)
  - SDWebImage/Core (3.8.2)
  - SJSegmentedScrollView (1.3.3)
  - SVProgressHUD (2.0.4)
  - SwiftDate (4.0.7)
  - SwiftGifOrigin (1.6.1)
  - SwiftRandom (1.0.0)
  - SWMessages (0.3.0)
  - SWSegmentedControl (2.0.0)

DEPENDENCIES:
  - ADMozaicCollectionViewLayout (~> 2.0)
  - Alamofire (~> 4.0)
  - CVCalendar (~> 1.4.1)
  - FBSDKCoreKit
  - FBSDKLoginKit
  - FBSDKShareKit
  - Firebase/Auth
  - Firebase/Core
  - Firebase/Database
  - Firebase/DynamicLinks
  - Firebase/Storage
  - Fusuma
  - GMStepper
  - JSQMessagesViewController
  - LUNSegmentedControl
  - SDWebImage (~> 3.8)
  - SJSegmentedScrollView
  - SVProgressHUD
  - SwiftDate (~> 4.0)
  - SwiftGifOrigin
  - SwiftRandom
  - SWMessages (~> 0.3.0)
  - SWSegmentedControl

SPEC CHECKSUMS:
  ADMozaicCollectionViewLayout: b81be75b99b091fbbff46a013b061f4914fcb175
  Alamofire: aa2e09d871c9160ac53c90e83c68064a94e3dfbe
  Bolts: 8a7995239dbe724f9cba2248b766d48b7ebdd322
  CVCalendar: 61912eb5dc39c3bcfe22a731147a559a696fbc15
  FBSDKCoreKit: 30a21d2d7b92984b3d80497113433c00824c35e9
  FBSDKLoginKit: 42b7129ac0373ca99eaf4cbebf4d07bd42371f59
  FBSDKShareKit: 9b573d03fbee36cbaf42d5bb1f2bc019e0d72347
  Firebase: ff77ffb77b317c3720fef57a60e9335cebf962e6
  FirebaseAnalytics: 6e58fc9b397664369ac7617fb0ba93fab6ba7b5b
  FirebaseAuth: 96e9674ff31d6e1f826d53e26aa003a57cab0295
  FirebaseCore: d0ed25f27b6f9158eccc439f1be6f92e81207e28
  FirebaseDatabase: 3ebb2edb6007c3f0f87b248f3fa212bde56a1468
  FirebaseDynamicLinks: 33f0d2092de7b30e0670c02d5747a54e70cf7700
  FirebaseInstanceID: ba1e640935235e5fac39dfa816fe7660e72e1a8a
  FirebaseStorage: c50aa353bf484072704e73b4aff1bd47adb735c4
  Fusuma: c95c1c999c765f5dc907670be569157372ff33c4
  GMStepper: 6aff0c881afac2f432e5c9b0df71e44e14110a06
  GoogleInterchangeUtilities: d5bc4d88d5b661ab72f9d70c58d02ca8c27ad1f7
  GoogleSymbolUtilities: 631ee17048aa5e9ab133470d768ea997a5ef9b96
  GoogleToolboxForMac: 2b2596cbb7186865e98cadf2b1e262d851c2b168
  GTMSessionFetcher: a1f8ed39e4fe21c68957daed472c7afbcdf29166
  JSQMessagesViewController: 39fed975e3c9f8eba7292071e29eeb541d105e66
  JSQSystemSoundPlayer: c5850e77a4363ffd374cd851154b9af93264ed8d
  LUNSegmentedControl: f868b1ea740f9917f05dbcb4cded85c33ec606e6
  SDWebImage: 098e97e6176540799c27e804c96653ee0833d13c
  SJSegmentedScrollView: b3fa3a5e4c123d223e83b0604cc96d9dfcba01bd
  SVProgressHUD: bfde85ed6c573ea802b9cb37894ed9b629034f1b
  SwiftDate: 0efb04a6751b1ab804049b2b09a69848cd304c12
  SwiftGifOrigin: d6679d3ebe9df2e049a84bc52582635107b581f6
  SwiftRandom: 437275c63500ddf5a565cbd56996fb23f12cfc3d
  SWMessages: 39dc4ffdde42004b2ee5af14077fc73668498350
  SWSegmentedControl: fe239122a265df08d671560e5a93f65375992b5e

PODFILE CHECKSUM: 9f86b5e312b560885d0d269307b6caa279d76122

COCOAPODS: 1.1.1
